{
	"name": "headscale-ui-api",
	"version": "2024.10.10",
	"lockfileVersion": 3,
	"requires": true,
	"packages": {
		"": {
			"name": "headscale-ui-api",
			"version": "2024.10.10",
			"devDependencies": {
				"@types/cors": "^2",
				"@types/express": "^5",
				"@types/node": "^22",
				"cors": "^2",
				"express": "^4",
				"typescript": "^5"
			}
		},
		"node_modules/@types/body-parser": {
			"version": "1.19.5",
			"resolved": "https://registry.npmmirror.com/@types/body-parser/-/body-parser-1.19.5.tgz",
			"integrity": "sha512-fB3Zu92ucau0iQ0JMCFQE7b/dv8Ot07NI3KaZIkIUNXq82k4eBAqUaneXfleGY9JWskeS9y+u0nXMyspcuQrCg==",
			"dev": true,
			"license": "MIT",
			"dependencies": {
				"@types/connect": "*",
				"@types/node": "*"
			}
		},
		"node_modules/@types/connect": {
			"version": "3.4.38",
			"resolved": "https://registry.npmmirror.com/@types/connect/-/connect-3.4.38.tgz",
			"integrity": "sha512-K6uROf1LD88uDQqJCktA4yzL1YYAK6NgfsI0v/mTgyPKWsX1CnJ0XPSDhViejru1GcRkLWb8RlzFYJRqGUbaug==",
			"dev": true,
			"license": "MIT",
			"dependencies": {
				"@types/node": "*"
			}
		},
		"node_modules/@types/cors": {
			"version": "2.8.17",
			"resolved": "https://registry.npmmirror.com/@types/cors/-/cors-2.8.17.tgz",
			"integrity": "sha512-8CGDvrBj1zgo2qE+oS3pOCyYNqCPryMWY2bGfwA0dcfopWGgxs+78df0Rs3rc9THP4JkOhLsAa+15VdpAqkcUA==",
			"dev": true,
			"license": "MIT",
			"dependencies": {
				"@types/node": "*"
			}
		},
		"node_modules/@types/express": {
			"version": "5.0.0",
			"resolved": "https://registry.npmmirror.com/@types/express/-/express-5.0.0.tgz",
			"integrity": "sha512-DvZriSMehGHL1ZNLzi6MidnsDhUZM/x2pRdDIKdwbUNqqwHxMlRdkxtn6/EPKyqKpHqTl/4nRZsRNLpZxZRpPQ==",
			"dev": true,
			"license": "MIT",
			"dependencies": {
				"@types/body-parser": "*",
				"@types/express-serve-static-core": "^5.0.0",
				"@types/qs": "*",
				"@types/serve-static": "*"
			}
		},
		"node_modules/@types/express-serve-static-core": {
			"version": "5.0.2",
			"resolved": "https://registry.npmmirror.com/@types/express-serve-static-core/-/express-serve-static-core-5.0.2.tgz",
			"integrity": "sha512-vluaspfvWEtE4vcSDlKRNer52DvOGrB2xv6diXy6UKyKW0lqZiWHGNApSyxOv+8DE5Z27IzVvE7hNkxg7EXIcg==",
			"dev": true,
			"license": "MIT",
			"dependencies": {
				"@types/node": "*",
				"@types/qs": "*",
				"@types/range-parser": "*",
				"@types/send": "*"
			}
		},
		"node_modules/@types/http-errors": {
			"version": "2.0.4",
			"resolved": "https://registry.npmmirror.com/@types/http-errors/-/http-errors-2.0.4.tgz",
			"integrity": "sha512-D0CFMMtydbJAegzOyHjtiKPLlvnm3iTZyZRSZoLq2mRhDdmLfIWOCYPfQJ4cu2erKghU++QvjcUjp/5h7hESpA==",
			"dev": true,
			"license": "MIT"
		},
		"node_modules/@types/mime": {
			"version": "1.3.5",
			"resolved": "https://registry.npmmirror.com/@types/mime/-/mime-1.3.5.tgz",
			"integrity": "sha512-/pyBZWSLD2n0dcHE3hq8s8ZvcETHtEuF+3E7XVt0Ig2nvsVQXdghHVcEkIWjy9A0wKfTn97a/PSDYohKIlnP/w==",
			"dev": true,
			"license": "MIT"
		},
		"node_modules/@types/node": {
			"version": "22.10.1",
			"resolved": "https://registry.npmmirror.com/@types/node/-/node-22.10.1.tgz",
			"integrity": "sha512-qKgsUwfHZV2WCWLAnVP1JqnpE6Im6h3Y0+fYgMTasNQ7V++CBX5OT1as0g0f+OyubbFqhf6XVNIsmN4IIhEgGQ==",
			"dev": true,
			"license": "MIT",
			"dependencies": {
				"undici-types": "~6.20.0"
			}
		},
		"node_modules/@types/qs": {
			"version": "6.9.17",
			"resolved": "https://registry.npmmirror.com/@types/qs/-/qs-6.9.17.tgz",
			"integrity": "sha512-rX4/bPcfmvxHDv0XjfJELTTr+iB+tn032nPILqHm5wbthUUUuVtNGGqzhya9XUxjTP8Fpr0qYgSZZKxGY++svQ==",
			"dev": true,
			"license": "MIT"
		},
		"node_modules/@types/range-parser": {
			"version": "1.2.7",
			"resolved": "https://registry.npmmirror.com/@types/range-parser/-/range-parser-1.2.7.tgz",
			"integrity": "sha512-hKormJbkJqzQGhziax5PItDUTMAM9uE2XXQmM37dyd4hVM+5aVl7oVxMVUiVQn2oCQFN/LKCZdvSM0pFRqbSmQ==",
			"dev": true,
			"license": "MIT"
		},
		"node_modules/@types/send": {
			"version": "0.17.4",
			"resolved": "https://registry.npmmirror.com/@types/send/-/send-0.17.4.tgz",
			"integrity": "sha512-x2EM6TJOybec7c52BX0ZspPodMsQUd5L6PRwOunVyVUhXiBSKf3AezDL8Dgvgt5o0UfKNfuA0eMLr2wLT4AiBA==",
			"dev": true,
			"license": "MIT",
			"dependencies": {
				"@types/mime": "^1",
				"@types/node": "*"
			}
		},
		"node_modules/@types/serve-static": {
			"version": "1.15.7",
			"resolved": "https://registry.npmmirror.com/@types/serve-static/-/serve-static-1.15.7.tgz",
			"integrity": "sha512-W8Ym+h8nhuRwaKPaDw34QUkwsGi6Rc4yYqvKFo5rm2FUEhCFbzVWrxXUxuKK8TASjWsysJY0nsmNCGhCOIsrOw==",
			"dev": true,
			"license": "MIT",
			"dependencies": {
				"@types/http-errors": "*",
				"@types/node": "*",
				"@types/send": "*"
			}
		},
		"node_modules/accepts": {
			"version": "1.3.8",
			"dev": true,
			"license": "MIT",
			"dependencies": {
				"mime-types": "~2.1.34",
				"negotiator": "0.6.3"
			},
			"engines": {
				"node": ">= 0.6"
			}
		},
		"node_modules/array-flatten": {
			"version": "1.1.1",
			"dev": true,
			"license": "MIT"
		},
		"node_modules/body-parser": {
			"version": "1.20.3",
			"dev": true,
			"license": "MIT",
			"dependencies": {
				"bytes": "3.1.2",
				"content-type": "~1.0.5",
				"debug": "2.6.9",
				"depd": "2.0.0",
				"destroy": "1.2.0",
				"http-errors": "2.0.0",
				"iconv-lite": "0.4.24",
				"on-finished": "2.4.1",
				"qs": "6.13.0",
				"raw-body": "2.5.2",
				"type-is": "~1.6.18",
				"unpipe": "1.0.0"
			},
			"engines": {
				"node": ">= 0.8",
				"npm": "1.2.8000 || >= 1.4.16"
			}
		},
		"node_modules/bytes": {
			"version": "3.1.2",
			"dev": true,
			"license": "MIT",
			"engines": {
				"node": ">= 0.8"
			}
		},
		"node_modules/call-bind": {
			"version": "1.0.7",
			"dev": true,
			"license": "MIT",
			"dependencies": {
				"es-define-property": "^1.0.0",
				"es-errors": "^1.3.0",
				"function-bind": "^1.1.2",
				"get-intrinsic": "^1.2.4",
				"set-function-length": "^1.2.1"
			},
			"engines": {
				"node": ">= 0.4"
			},
			"funding": {
				"url": "https://github.com/sponsors/ljharb"
			}
		},
		"node_modules/content-disposition": {
			"version": "0.5.4",
			"dev": true,
			"license": "MIT",
			"dependencies": {
				"safe-buffer": "5.2.1"
			},
			"engines": {
				"node": ">= 0.6"
			}
		},
		"node_modules/content-type": {
			"version": "1.0.5",
			"dev": true,
			"license": "MIT",
			"engines": {
				"node": ">= 0.6"
			}
		},
		"node_modules/cookie": {
			"version": "0.7.1",
			"dev": true,
			"license": "MIT",
			"engines": {
				"node": ">= 0.6"
			}
		},
		"node_modules/cookie-signature": {
			"version": "1.0.6",
			"dev": true,
			"license": "MIT"
		},
		"node_modules/cors": {
			"version": "2.8.5",
			"resolved": "https://registry.npmmirror.com/cors/-/cors-2.8.5.tgz",
			"integrity": "sha512-KIHbLJqu73RGr/hnbrO9uBeixNGuvSQjul/jdFvS/KFSIH1hWVd1ng7zOHx+YrEfInLG7q4n6GHQ9cDtxv/P6g==",
			"dev": true,
			"license": "MIT",
			"dependencies": {
				"object-assign": "^4",
				"vary": "^1"
			},
			"engines": {
				"node": ">= 0.10"
			}
		},
		"node_modules/debug": {
			"version": "2.6.9",
			"dev": true,
			"license": "MIT",
			"dependencies": {
				"ms": "2.0.0"
			}
		},
		"node_modules/define-data-property": {
			"version": "1.1.4",
			"dev": true,
			"license": "MIT",
			"dependencies": {
				"es-define-property": "^1.0.0",
				"es-errors": "^1.3.0",
				"gopd": "^1.0.1"
			},
			"engines": {
				"node": ">= 0.4"
			},
			"funding": {
				"url": "https://github.com/sponsors/ljharb"
			}
		},
		"node_modules/depd": {
			"version": "2.0.0",
			"dev": true,
			"license": "MIT",
			"engines": {
				"node": ">= 0.8"
			}
		},
		"node_modules/destroy": {
			"version": "1.2.0",
			"dev": true,
			"license": "MIT",
			"engines": {
				"node": ">= 0.8",
				"npm": "1.2.8000 || >= 1.4.16"
			}
		},
		"node_modules/ee-first": {
			"version": "1.1.1",
			"dev": true,
			"license": "MIT"
		},
		"node_modules/encodeurl": {
			"version": "2.0.0",
			"dev": true,
			"license": "MIT",
			"engines": {
				"node": ">= 0.8"
			}
		},
		"node_modules/es-define-property": {
			"version": "1.0.0",
			"dev": true,
			"license": "MIT",
			"dependencies": {
				"get-intrinsic": "^1.2.4"
			},
			"engines": {
				"node": ">= 0.4"
			}
		},
		"node_modules/es-errors": {
			"version": "1.3.0",
			"dev": true,
			"license": "MIT",
			"engines": {
				"node": ">= 0.4"
			}
		},
		"node_modules/escape-html": {
			"version": "1.0.3",
			"dev": true,
			"license": "MIT"
		},
		"node_modules/etag": {
			"version": "1.8.1",
			"dev": true,
			"license": "MIT",
			"engines": {
				"node": ">= 0.6"
			}
		},
		"node_modules/express": {
			"version": "4.21.1",
			"dev": true,
			"license": "MIT",
			"dependencies": {
				"accepts": "~1.3.8",
				"array-flatten": "1.1.1",
				"body-parser": "1.20.3",
				"content-disposition": "0.5.4",
				"content-type": "~1.0.4",
				"cookie": "0.7.1",
				"cookie-signature": "1.0.6",
				"debug": "2.6.9",
				"depd": "2.0.0",
				"encodeurl": "~2.0.0",
				"escape-html": "~1.0.3",
				"etag": "~1.8.1",
				"finalhandler": "1.3.1",
				"fresh": "0.5.2",
				"http-errors": "2.0.0",
				"merge-descriptors": "1.0.3",
				"methods": "~1.1.2",
				"on-finished": "2.4.1",
				"parseurl": "~1.3.3",
				"path-to-regexp": "0.1.10",
				"proxy-addr": "~2.0.7",
				"qs": "6.13.0",
				"range-parser": "~1.2.1",
				"safe-buffer": "5.2.1",
				"send": "0.19.0",
				"serve-static": "1.16.2",
				"setprototypeof": "1.2.0",
				"statuses": "2.0.1",
				"type-is": "~1.6.18",
				"utils-merge": "1.0.1",
				"vary": "~1.1.2"
			},
			"engines": {
				"node": ">= 0.10.0"
			}
		},
		"node_modules/finalhandler": {
			"version": "1.3.1",
			"dev": true,
			"license": "MIT",
			"dependencies": {
				"debug": "2.6.9",
				"encodeurl": "~2.0.0",
				"escape-html": "~1.0.3",
				"on-finished": "2.4.1",
				"parseurl": "~1.3.3",
				"statuses": "2.0.1",
				"unpipe": "~1.0.0"
			},
			"engines": {
				"node": ">= 0.8"
			}
		},
		"node_modules/forwarded": {
			"version": "0.2.0",
			"dev": true,
			"license": "MIT",
			"engines": {
				"node": ">= 0.6"
			}
		},
		"node_modules/fresh": {
			"version": "0.5.2",
			"dev": true,
			"license": "MIT",
			"engines": {
				"node": ">= 0.6"
			}
		},
		"node_modules/function-bind": {
			"version": "1.1.2",
			"dev": true,
			"license": "MIT",
			"funding": {
				"url": "https://github.com/sponsors/ljharb"
			}
		},
		"node_modules/get-intrinsic": {
			"version": "1.2.4",
			"dev": true,
			"license": "MIT",
			"dependencies": {
				"es-errors": "^1.3.0",
				"function-bind": "^1.1.2",
				"has-proto": "^1.0.1",
				"has-symbols": "^1.0.3",
				"hasown": "^2.0.0"
			},
			"engines": {
				"node": ">= 0.4"
			},
			"funding": {
				"url": "https://github.com/sponsors/ljharb"
			}
		},
		"node_modules/gopd": {
			"version": "1.2.0",
			"dev": true,
			"license": "MIT",
			"engines": {
				"node": ">= 0.4"
			},
			"funding": {
				"url": "https://github.com/sponsors/ljharb"
			}
		},
		"node_modules/has-property-descriptors": {
			"version": "1.0.2",
			"dev": true,
			"license": "MIT",
			"dependencies": {
				"es-define-property": "^1.0.0"
			},
			"funding": {
				"url": "https://github.com/sponsors/ljharb"
			}
		},
		"node_modules/has-proto": {
			"version": "1.1.0",
			"dev": true,
			"license": "MIT",
			"dependencies": {
				"call-bind": "^1.0.7"
			},
			"engines": {
				"node": ">= 0.4"
			},
			"funding": {
				"url": "https://github.com/sponsors/ljharb"
			}
		},
		"node_modules/has-symbols": {
			"version": "1.1.0",
			"dev": true,
			"license": "MIT",
			"engines": {
				"node": ">= 0.4"
			},
			"funding": {
				"url": "https://github.com/sponsors/ljharb"
			}
		},
		"node_modules/hasown": {
			"version": "2.0.2",
			"dev": true,
			"license": "MIT",
			"dependencies": {
				"function-bind": "^1.1.2"
			},
			"engines": {
				"node": ">= 0.4"
			}
		},
		"node_modules/http-errors": {
			"version": "2.0.0",
			"dev": true,
			"license": "MIT",
			"dependencies": {
				"depd": "2.0.0",
				"inherits": "2.0.4",
				"setprototypeof": "1.2.0",
				"statuses": "2.0.1",
				"toidentifier": "1.0.1"
			},
			"engines": {
				"node": ">= 0.8"
			}
		},
		"node_modules/iconv-lite": {
			"version": "0.4.24",
			"dev": true,
			"license": "MIT",
			"dependencies": {
				"safer-buffer": ">= 2.1.2 < 3"
			},
			"engines": {
				"node": ">=0.10.0"
			}
		},
		"node_modules/inherits": {
			"version": "2.0.4",
			"dev": true,
			"license": "ISC"
		},
		"node_modules/ipaddr.js": {
			"version": "1.9.1",
			"dev": true,
			"license": "MIT",
			"engines": {
				"node": ">= 0.10"
			}
		},
		"node_modules/media-typer": {
			"version": "0.3.0",
			"dev": true,
			"license": "MIT",
			"engines": {
				"node": ">= 0.6"
			}
		},
		"node_modules/merge-descriptors": {
			"version": "1.0.3",
			"dev": true,
			"license": "MIT",
			"funding": {
				"url": "https://github.com/sponsors/sindresorhus"
			}
		},
		"node_modules/methods": {
			"version": "1.1.2",
			"dev": true,
			"license": "MIT",
			"engines": {
				"node": ">= 0.6"
			}
		},
		"node_modules/mime": {
			"version": "1.6.0",
			"dev": true,
			"license": "MIT",
			"bin": {
				"mime": "cli.js"
			},
			"engines": {
				"node": ">=4"
			}
		},
		"node_modules/mime-db": {
			"version": "1.52.0",
			"dev": true,
			"license": "MIT",
			"engines": {
				"node": ">= 0.6"
			}
		},
		"node_modules/mime-types": {
			"version": "2.1.35",
			"dev": true,
			"license": "MIT",
			"dependencies": {
				"mime-db": "1.52.0"
			},
			"engines": {
				"node": ">= 0.6"
			}
		},
		"node_modules/ms": {
			"version": "2.0.0",
			"dev": true,
			"license": "MIT"
		},
		"node_modules/negotiator": {
			"version": "0.6.3",
			"dev": true,
			"license": "MIT",
			"engines": {
				"node": ">= 0.6"
			}
		},
		"node_modules/object-assign": {
			"version": "4.1.1",
			"resolved": "https://registry.npmmirror.com/object-assign/-/object-assign-4.1.1.tgz",
			"integrity": "sha512-rJgTQnkUnH1sFw8yT6VSU3zD3sWmu6sZhIseY8VX+GRu3P6F7Fu+JNDoXfklElbLJSnc3FUQHVe4cU5hj+BcUg==",
			"dev": true,
			"license": "MIT",
			"engines": {
				"node": ">=0.10.0"
			}
		},
		"node_modules/object-inspect": {
			"version": "1.13.3",
			"dev": true,
			"license": "MIT",
			"engines": {
				"node": ">= 0.4"
			},
			"funding": {
				"url": "https://github.com/sponsors/ljharb"
			}
		},
		"node_modules/on-finished": {
			"version": "2.4.1",
			"dev": true,
			"license": "MIT",
			"dependencies": {
				"ee-first": "1.1.1"
			},
			"engines": {
				"node": ">= 0.8"
			}
		},
		"node_modules/parseurl": {
			"version": "1.3.3",
			"dev": true,
			"license": "MIT",
			"engines": {
				"node": ">= 0.8"
			}
		},
		"node_modules/path-to-regexp": {
			"version": "0.1.10",
			"dev": true,
			"license": "MIT"
		},
		"node_modules/proxy-addr": {
			"version": "2.0.7",
			"dev": true,
			"license": "MIT",
			"dependencies": {
				"forwarded": "0.2.0",
				"ipaddr.js": "1.9.1"
			},
			"engines": {
				"node": ">= 0.10"
			}
		},
		"node_modules/qs": {
			"version": "6.13.0",
			"dev": true,
			"license": "BSD-3-Clause",
			"dependencies": {
				"side-channel": "^1.0.6"
			},
			"engines": {
				"node": ">=0.6"
			},
			"funding": {
				"url": "https://github.com/sponsors/ljharb"
			}
		},
		"node_modules/range-parser": {
			"version": "1.2.1",
			"dev": true,
			"license": "MIT",
			"engines": {
				"node": ">= 0.6"
			}
		},
		"node_modules/raw-body": {
			"version": "2.5.2",
			"dev": true,
			"license": "MIT",
			"dependencies": {
				"bytes": "3.1.2",
				"http-errors": "2.0.0",
				"iconv-lite": "0.4.24",
				"unpipe": "1.0.0"
			},
			"engines": {
				"node": ">= 0.8"
			}
		},
		"node_modules/safe-buffer": {
			"version": "5.2.1",
			"dev": true,
			"funding": [
				{
					"type": "github",
					"url": "https://github.com/sponsors/feross"
				},
				{
					"type": "patreon",
					"url": "https://www.patreon.com/feross"
				},
				{
					"type": "consulting",
					"url": "https://feross.org/support"
				}
			],
			"license": "MIT"
		},
		"node_modules/safer-buffer": {
			"version": "2.1.2",
			"dev": true,
			"license": "MIT"
		},
		"node_modules/send": {
			"version": "0.19.0",
			"dev": true,
			"license": "MIT",
			"dependencies": {
				"debug": "2.6.9",
				"depd": "2.0.0",
				"destroy": "1.2.0",
				"encodeurl": "~1.0.2",
				"escape-html": "~1.0.3",
				"etag": "~1.8.1",
				"fresh": "0.5.2",
				"http-errors": "2.0.0",
				"mime": "1.6.0",
				"ms": "2.1.3",
				"on-finished": "2.4.1",
				"range-parser": "~1.2.1",
				"statuses": "2.0.1"
			},
			"engines": {
				"node": ">= 0.8.0"
			}
		},
		"node_modules/send/node_modules/encodeurl": {
			"version": "1.0.2",
			"dev": true,
			"license": "MIT",
			"engines": {
				"node": ">= 0.8"
			}
		},
		"node_modules/send/node_modules/ms": {
			"version": "2.1.3",
			"dev": true,
			"license": "MIT"
		},
		"node_modules/serve-static": {
			"version": "1.16.2",
			"dev": true,
			"license": "MIT",
			"dependencies": {
				"encodeurl": "~2.0.0",
				"escape-html": "~1.0.3",
				"parseurl": "~1.3.3",
				"send": "0.19.0"
			},
			"engines": {
				"node": ">= 0.8.0"
			}
		},
		"node_modules/set-function-length": {
			"version": "1.2.2",
			"dev": true,
			"license": "MIT",
			"dependencies": {
				"define-data-property": "^1.1.4",
				"es-errors": "^1.3.0",
				"function-bind": "^1.1.2",
				"get-intrinsic": "^1.2.4",
				"gopd": "^1.0.1",
				"has-property-descriptors": "^1.0.2"
			},
			"engines": {
				"node": ">= 0.4"
			}
		},
		"node_modules/setprototypeof": {
			"version": "1.2.0",
			"dev": true,
			"license": "ISC"
		},
		"node_modules/side-channel": {
			"version": "1.0.6",
			"dev": true,
			"license": "MIT",
			"dependencies": {
				"call-bind": "^1.0.7",
				"es-errors": "^1.3.0",
				"get-intrinsic": "^1.2.4",
				"object-inspect": "^1.13.1"
			},
			"engines": {
				"node": ">= 0.4"
			},
			"funding": {
				"url": "https://github.com/sponsors/ljharb"
			}
		},
		"node_modules/statuses": {
			"version": "2.0.1",
			"dev": true,
			"license": "MIT",
			"engines": {
				"node": ">= 0.8"
			}
		},
		"node_modules/toidentifier": {
			"version": "1.0.1",
			"dev": true,
			"license": "MIT",
			"engines": {
				"node": ">=0.6"
			}
		},
		"node_modules/type-is": {
			"version": "1.6.18",
			"dev": true,
			"license": "MIT",
			"dependencies": {
				"media-typer": "0.3.0",
				"mime-types": "~2.1.24"
			},
			"engines": {
				"node": ">= 0.6"
			}
		},
		"node_modules/typescript": {
			"version": "5.7.2",
			"dev": true,
			"license": "Apache-2.0",
			"bin": {
				"tsc": "bin/tsc",
				"tsserver": "bin/tsserver"
			},
			"engines": {
				"node": ">=14.17"
			}
		},
		"node_modules/undici-types": {
			"version": "6.20.0",
			"resolved": "https://registry.npmmirror.com/undici-types/-/undici-types-6.20.0.tgz",
			"integrity": "sha512-Ny6QZ2Nju20vw1SRHe3d9jVu6gJ+4e3+MMpqu7pqE5HT6WsTSlce++GQmK5UXS8mzV8DSYHrQH+Xrf2jVcuKNg==",
			"dev": true,
			"license": "MIT"
		},
		"node_modules/unpipe": {
			"version": "1.0.0",
			"dev": true,
			"license": "MIT",
			"engines": {
				"node": ">= 0.8"
			}
		},
		"node_modules/utils-merge": {
			"version": "1.0.1",
			"dev": true,
			"license": "MIT",
			"engines": {
				"node": ">= 0.4.0"
			}
		},
		"node_modules/vary": {
			"version": "1.1.2",
			"dev": true,
			"license": "MIT",
			"engines": {
				"node": ">= 0.8"
			}
		}
	}
}
